github.com/Pallinder/go-randomdata v1.1.0 h1:gUubB1IEUliFmzjqjhf+bgkg1o6uoFIkRsP3VrhEcx8=
github.com/Pallinder/go-randomdata v1.1.0/go.mod h1:yHmJgulpD2Nfrm0cR9tI/+oAgRqCQQixsA8HyRZfV9Y=
github.com/Pallinder/go-randomdata v1.2.0 h1:DZ41wBchNRb/0GfsePLiSwb0PHZmT67XY00lCDlaYPg=
github.com/Pallinder/go-randomdata v1.2.0/go.mod h1:yHmJgulpD2Nfrm0cR9tI/+oAgRqCQQixsA8HyRZfV9Y=
github.com/adamluzsi/frameless v0.0.0-20190512205245-2ba862af3a99 h1:uBoQBEVvh76S0YxU0MiQThlN4eFSt6cfpJyU4mAMvo0=
github.com/adamluzsi/frameless v0.0.0-20190512205245-2ba862af3a99/go.mod h1:Phxv/bGX++c+QgGWTKmxMl5pnUSl3DaCiJqkcsyMWK8=
github.com/adamluzsi/frameless v0.0.0-20190623141556-642dc31b7ac9 h1:TKA3YU59L6uHbU0eq9tIH8HxkH6eP/icplmhMIUXxk4=
github.com/adamluzsi/frameless v0.0.0-20190623141556-642dc31b7ac9/go.mod h1:Phxv/bGX++c+QgGWTKmxMl5pnUSl3DaCiJqkcsyMWK8=
github.com/adamluzsi/frameless v0.0.0-20190623142351-6f56be6c6912 h1:HIx3gtaq+AOkYTmssw/afyYsVygv8o3tO2nDsHArjCY=
github.com/adamluzsi/frameless v0.0.0-20190623142351-6f56be6c6912/go.mod h1:Phxv/bGX++c+QgGWTKmxMl5pnUSl3DaCiJqkcsyMWK8=
github.com/adamluzsi/frameless v0.0.0-20190624220249-a3c611344083 h1:8hdlpYnwgblnQy9rbnpV5ErMlkogPLQ4wFiu7GshIjI=
github.com/adamluzsi/frameless v0.0.0-20190624220249-a3c611344083/go.mod h1:5sDxqSyC2+wwmrdO6jwgVn//BrqN0weIXRyh+WMDGYw=
github.com/adamluzsi/frameless v0.0.0-20190624222625-1a44fab4f3b4 h1:JxXvzDJ7DOBUrcexcbMOlZ1vq7T1ifyDHucaVHjsalA=
github.com/adamluzsi/frameless v0.0.0-20190624222625-1a44fab4f3b4/go.mod h1:5sDxqSyC2+wwmrdO6jwgVn//BrqN0weIXRyh+WMDGYw=
github.com/adamluzsi/frameless v0.0.0-20190624233254-ec83abeffba4 h1:guOROAKTU8eJYh80xB1XaDCPmEsqAU9nTn51b5ut1q4=
github.com/adamluzsi/frameless v0.0.0-20190624233254-ec83abeffba4/go.mod h1:5sDxqSyC2+wwmrdO6jwgVn//BrqN0weIXRyh+WMDGYw=
github.com/adamluzsi/frameless v0.0.0-20190625002444-aec6cb461a44 h1:zq01VDjQDodiN4lbrSeMp1/FnCQMajPAWWP0gzWeuS8=
github.com/adamluzsi/frameless v0.0.0-20190625002444-aec6cb461a44/go.mod h1:5sDxqSyC2+wwmrdO6jwgVn//BrqN0weIXRyh+WMDGYw=
github.com/adamluzsi/frameless v0.0.0-20190702205530-f0d79e10a135 h1:fcpaWOtQbqaw5ikoNALUr9fXL8W4tLMLXRC43ZIiSF4=
github.com/adamluzsi/frameless v0.0.0-20190702205530-f0d79e10a135/go.mod h1:5sDxqSyC2+wwmrdO6jwgVn//BrqN0weIXRyh+WMDGYw=
github.com/adamluzsi/frameless v0.0.0-20190704114734-4bae8fc4195d h1:kldI8E9edmibCYcpbMA+cSI7b31rY0jL7iDnPYQX1IQ=
github.com/adamluzsi/frameless v0.0.0-20190704114734-4bae8fc4195d/go.mod h1:5sDxqSyC2+wwmrdO6jwgVn//BrqN0weIXRyh+WMDGYw=
github.com/adamluzsi/testcase v0.0.0-20190525010559-2a9414d6337a h1:tTIJDPSi35kASAoPYUkTF5gP5rhddR1c1W2AEZ0D0P0=
github.com/adamluzsi/testcase v0.0.0-20190525010559-2a9414d6337a/go.mod h1:v7gx5uOqLnIsGEIZf4ve0HqzpCS36W6at4JTRsZTJpA=
github.com/adamluzsi/testcase v0.0.0-20190602214255-4e4b269314e8 h1:Sg/hIlApTxh/4ZY6QIwLXG8Jf7zWA0Wx2k8Tg7XJvlU=
github.com/adamluzsi/testcase v0.0.0-20190602214255-4e4b269314e8/go.mod h1:v7gx5uOqLnIsGEIZf4ve0HqzpCS36W6at4JTRsZTJpA=
github.com/boltdb/bolt v1.3.1/go.mod h1:clJnj/oiGkjum5o1McbSZDSLxVThjynRyGBgiAx27Ps=
github.com/davecgh/go-spew v1.1.0 h1:ZDRjVQ15GmhC3fiQ8ni8+OwkZQO4DARzQgrnXU1Liz8=
github.com/davecgh/go-spew v1.1.0/go.mod h1:J7Y8YcW2NihsgmVo/mv3lAwl/skON4iLHjSsI+c5H38=
github.com/davecgh/go-spew v1.1.1 h1:vj9j/u1bqnvCEfJOwUhtlOARqs3+rkHYY13jYWTU97c=
github.com/davecgh/go-spew v1.1.1/go.mod h1:J7Y8YcW2NihsgmVo/mv3lAwl/skON4iLHjSsI+c5H38=
github.com/go-sql-driver/mysql v1.4.1/go.mod h1:zAC/RDZ24gD3HViQzih4MyKcchzm+sOG5ZlKdlhCg5w=
github.com/golang/mock v1.2.0 h1:28o5sBqPkBsMGnC6b4MvE2TzSr5/AT4c/1fLqVGIwlk=
github.com/golang/mock v1.2.0/go.mod h1:oTYuIxOrZwtPieC+H1uAHpcLFnEyAGVDL/k47Jfbm0A=
github.com/golang/mock v1.3.1 h1:qGJ6qTW+x6xX/my+8YUVl4WNpX9B7+/l2tRsHGZ7f2s=
github.com/golang/mock v1.3.1/go.mod h1:sBzyDLLjw3U8JLTeZvSv8jJB+tU5PVekmnlKIyFUx0Y=
github.com/golang/protobuf v1.2.0/go.mod h1:6lQm79b+lXiMfvg/cZm0SGofjICqVBUtrP5yJMmIC1U=
github.com/lib/pq v1.0.0/go.mod h1:5WUZQaWbwv1U+lTReE5YruASi9Al49XbQIvNi/34Woo=
github.com/lib/pq v1.1.1 h1:sJZmqHoEaY7f+NPP8pgLB/WxulyR3fewgCM2qaSlBb4=
github.com/lib/pq v1.1.1/go.mod h1:5WUZQaWbwv1U+lTReE5YruASi9Al49XbQIvNi/34Woo=
github.com/lopezator/migrator v0.1.0 h1:/HOmJGFTz2aEQLkTqbwP3weIo1xjNU84rGcC0X7BlG8=
github.com/lopezator/migrator v0.1.0/go.mod h1:bpVAVPkWSvTw8ya2Pk7E/KiNAyDWNImgivQY79o8/8I=
github.com/mjibson/esc v0.2.0 h1:k96hdaR9Z+nMcnDwNrOvhdBqtjyMrbVyxLpsRCdP2mA=
github.com/mjibson/esc v0.2.0/go.mod h1:9Hw9gxxfHulMF5OJKCyhYD7PzlSdhzXyaGEBRPH1OPs=
github.com/pkg/errors v0.8.1 h1:iURUrRGxPUNPdy5/HRSm+Yj6okJ6UtLINN0Q9M4+h3I=
github.com/pkg/errors v0.8.1/go.mod h1:bwawxfHBFNV+L2hUp1rHADufV3IMtnDRdf1r5NINEl0=
github.com/pmezard/go-difflib v1.0.0 h1:4DBwDE0NGyQoBHbLQYPwSUPoCMWR5BEzIk/f1lZbAQM=
github.com/pmezard/go-difflib v1.0.0/go.mod h1:iKH77koFhYxTK1pcRnkKkqfTogsbg7gZNVY4sRDYZ/4=
github.com/rakyll/statik v0.1.6 h1:uICcfUXpgqtw2VopbIncslhAmE5hwc4g20TEyEENBNs=
github.com/rakyll/statik v0.1.6/go.mod h1:OEi9wJV/fMUAGx1eNjq75DKDsJVuEv1U0oYdX6GX8Zs=
github.com/satori/go.uuid v1.2.0/go.mod h1:dA0hQrYB0VpLJoorglMZABFdXlWrHn1NEOzdhQKdks0=
github.com/stretchr/objx v0.1.0/go.mod h1:HFkY916IF+rwdDfMAkV7OtwuqBVzrE8GR6GFx+wExME=
github.com/stretchr/objx v0.2.0/go.mod h1:qt09Ya8vawLte6SNmTgCsAVtYtaKzEcn8ATUoHMkEqE=
github.com/stretchr/testify v1.3.0 h1:TivCn/peBQ7UY8ooIcPgZFpTNSz0Q2U6UrFlUfqbe0Q=
github.com/stretchr/testify v1.3.0/go.mod h1:M5WIy9Dh21IEIfnGCwXGc5bZfKNJtfHm1UVUgZn+9EI=
github.com/unrolled/logger v0.0.0-20190327162521-be1a2406c7c9 h1:EvwTdlXPJXfsN/6dXk+APSGfsGcBdHac6Cd3h7e2fao=
github.com/unrolled/logger v0.0.0-20190327162521-be1a2406c7c9/go.mod h1:HcJOyWUnhRZ1GyZ+t+MYVSg4/B6eoIrxX2DB5UyTomI=
golang.org/x/crypto v0.0.0-20190308221718-c2843e01d9a2/go.mod h1:djNgcEr1/C05ACkg1iLfiJU5Ep61QUkGW8qpdssI0+w=
golang.org/x/crypto v0.0.0-20190621222207-cc06ce4a13d4/go.mod h1:yigFU9vqHzYiE8UmvKecakEJjdnWj3jj499lnFckfCI=
golang.org/x/crypto v0.0.0-20190701094942-4def268fd1a4/go.mod h1:yigFU9vqHzYiE8UmvKecakEJjdnWj3jj499lnFckfCI=
golang.org/x/net v0.0.0-20180724234803-3673e40ba225/go.mod h1:mL1N/T3taQHkDXs73rZJwtUhF3w3ftmwwsq0BUmARs4=
golang.org/x/net v0.0.0-20190311183353-d8887717615a/go.mod h1:t9HGtf8HONx5eT2rtn7q6eTqICYqUVnKs3thJo3Qplg=
golang.org/x/net v0.0.0-20190404232315-eb5bcb51f2a3/go.mod h1:t9HGtf8HONx5eT2rtn7q6eTqICYqUVnKs3thJo3Qplg=
golang.org/x/net v0.0.0-20190620200207-3b0461eec859/go.mod h1:z5CRVTTTmAJ677TzLLGU+0bjPO0LkuOLi4/5GtJWs/s=
golang.org/x/net v0.0.0-20190628185345-da137c7871d7/go.mod h1:z5CRVTTTmAJ677TzLLGU+0bjPO0LkuOLi4/5GtJWs/s=
golang.org/x/sync v0.0.0-20190423024810-112230192c58/go.mod h1:RxMgew5VJxzue5/jJTE5uejpjVlOe/izrB70Jof72aM=
golang.org/x/sys v0.0.0-20190215142949-d0b11bdaac8a/go.mod h1:STP8DvDyc/dI5b8T5hshtkjS+E42TnysNCUPdjciGhY=
golang.org/x/sys v0.0.0-20190412213103-97732733099d/go.mod h1:h1NjWce9XRLGQEsW7wpKNCjG9DtNlClVuFLEZdDNbEs=
golang.org/x/sys v0.0.0-20190621203818-d432491b9138/go.mod h1:h1NjWce9XRLGQEsW7wpKNCjG9DtNlClVuFLEZdDNbEs=
golang.org/x/sys v0.0.0-20190624142023-c5567b49c5d0/go.mod h1:h1NjWce9XRLGQEsW7wpKNCjG9DtNlClVuFLEZdDNbEs=
golang.org/x/sys v0.0.0-20190626221950-04f50cda93cb/go.mod h1:h1NjWce9XRLGQEsW7wpKNCjG9DtNlClVuFLEZdDNbEs=
golang.org/x/text v0.3.0/go.mod h1:NqM8EUOU14njkJ3fqMW+pc6Ldnwhi/IjpwHt7yyuwOQ=
golang.org/x/text v0.3.2 h1:tW2bmiBqwgJj/UpqtC8EpXEZVYOwU0yG4iWbprSVAcs=
golang.org/x/text v0.3.2/go.mod h1:bEr9sfX3Q8Zfm5fL9x+3itogRgK3+ptLWKqgva+5dAk=
golang.org/x/tools v0.0.0-20180917221912-90fa682c2a6e h1:FDhOuMEY4JVRztM/gsbk+IKUQ8kj74bxZrgw87eMMVc=
golang.org/x/tools v0.0.0-20180917221912-90fa682c2a6e/go.mod h1:n7NCudcB/nEzxVGmLbDWY5pfWTLqBcC2KZ6jyYvM4mQ=
golang.org/x/tools v0.0.0-20190425150028-36563e24a262/go.mod h1:RgjU9mgBXZiqYHBnxXauZ1Gv1EHHAz9KjViQ78xBX0Q=
golang.org/x/tools v0.0.0-20190621195816-6e04913cbbac h1:MQEvx39qSf8vyrx3XRaOe+j1UDIzKwkYOVObRgGPVqI=
golang.org/x/tools v0.0.0-20190621195816-6e04913cbbac/go.mod h1:/rFqwRUd4F7ZHNgwSSTFct+R/Kf4OFW1sUzUTQQTgfc=
golang.org/x/tools v0.0.0-20190624190245-7f2218787638 h1:uIfBkD8gLczr4XDgYpt/qJYds2YJwZRNw4zs7wSnNhk=
golang.org/x/tools v0.0.0-20190624190245-7f2218787638/go.mod h1:/rFqwRUd4F7ZHNgwSSTFct+R/Kf4OFW1sUzUTQQTgfc=
golang.org/x/tools v0.0.0-20190624222133-a101b041ded4 h1:1mMox4TgefDwqluYCv677yNXwlfTkija4owZve/jr78=
golang.org/x/tools v0.0.0-20190624222133-a101b041ded4/go.mod h1:/rFqwRUd4F7ZHNgwSSTFct+R/Kf4OFW1sUzUTQQTgfc=
golang.org/x/tools v0.0.0-20190703212419-2214986f1668 h1:3LJOYcj2ObWSZJXX21oGIIPv5SaOoi5JkzQTWnCXRhg=
golang.org/x/tools v0.0.0-20190703212419-2214986f1668/go.mod h1:jcCCGcm9btYwXyDqrUWc6MKQKKGJCWEQ3AfLSRIbEuI=
google.golang.org/appengine v1.4.0/go.mod h1:xpcJRLb0r/rnEns0DIKYYv+WjYCduHsrkT7/EB5XEv4=
